// !$*UTF8*$!
{
	archiveVersion = 1;
	classes = {
	};
	objectVersion = 56;
	objects = {

/* Begin PBXBuildFile section */
		6952946D28EDB7D30017AD2F /* AppMain.swift in Sources */ = {isa = PBXBuildFile; fileRef = 6952946C28EDB7D30017AD2F /* AppMain.swift */; };
		6952947128EDB7D40017AD2F /* Assets.xcassets in Resources */ = {isa = PBXBuildFile; fileRef = 6952947028EDB7D40017AD2F /* Assets.xcassets */; };
		6952947428EDB7D40017AD2F /* Preview Assets.xcassets in Resources */ = {isa = PBXBuildFile; fileRef = 6952947328EDB7D40017AD2F /* Preview Assets.xcassets */; };
		6952947B28EDB7E60017AD2F /* DataStore.swift in Sources */ = {isa = PBXBuildFile; fileRef = 6952947A28EDB7E60017AD2F /* DataStore.swift */; };
		6952947D28EDB7EF0017AD2F /* MainPage.swift in Sources */ = {isa = PBXBuildFile; fileRef = 6952947C28EDB7EF0017AD2F /* MainPage.swift */; };
		8E536A1629F918EF00B37C29 /* SearchList.swift in Sources */ = {isa = PBXBuildFile; fileRef = 8E536A1529F918EF00B37C29 /* SearchList.swift */; };
		8E536A1829F9229A00B37C29 /* AddDay.swift in Sources */ = {isa = PBXBuildFile; fileRef = 8E536A1729F9229A00B37C29 /* AddDay.swift */; };
		8E536A1F29FA7DCA00B37C29 /* ExerciseDetail.swift in Sources */ = {isa = PBXBuildFile; fileRef = 8E536A1E29FA7DC900B37C29 /* ExerciseDetail.swift */; };
		8E536A2129FAC8E500B37C29 /* DayDetail.swift in Sources */ = {isa = PBXBuildFile; fileRef = 8E536A2029FAC8E500B37C29 /* DayDetail.swift */; };
		8EE2FA7329F318D900D72D7C /* Model.swift in Sources */ = {isa = PBXBuildFile; fileRef = 8EE2FA7229F318D900D72D7C /* Model.swift */; };
		E314C0DB29F42059002D375E /* GymWiki.swift in Sources */ = {isa = PBXBuildFile; fileRef = E314C0DA29F42059002D375E /* GymWiki.swift */; };
		E314C0DE29F42BE9002D375E /* DayBox.swift in Sources */ = {isa = PBXBuildFile; fileRef = E314C0DD29F42BE9002D375E /* DayBox.swift */; };
/* End PBXBuildFile section */

/* Begin PBXFileReference section */
		6952946928EDB7D30017AD2F /* MyFirstProject.app */ = {isa = PBXFileReference; explicitFileType = wrapper.application; includeInIndex = 0; path = MyFirstProject.app; sourceTree = BUILT_PRODUCTS_DIR; };
		6952946C28EDB7D30017AD2F /* AppMain.swift */ = {isa = PBXFileReference; lastKnownFileType = sourcecode.swift; path = AppMain.swift; sourceTree = "<group>"; };
		6952947028EDB7D40017AD2F /* Assets.xcassets */ = {isa = PBXFileReference; lastKnownFileType = folder.assetcatalog; path = Assets.xcassets; sourceTree = "<group>"; };
		6952947328EDB7D40017AD2F /* Preview Assets.xcassets */ = {isa = PBXFileReference; lastKnownFileType = folder.assetcatalog; path = "Preview Assets.xcassets"; sourceTree = "<group>"; };
		6952947A28EDB7E60017AD2F /* DataStore.swift */ = {isa = PBXFileReference; fileEncoding = 4; lastKnownFileType = sourcecode.swift; path = DataStore.swift; sourceTree = "<group>"; };
		6952947C28EDB7EF0017AD2F /* MainPage.swift */ = {isa = PBXFileReference; fileEncoding = 4; lastKnownFileType = sourcecode.swift; path = MainPage.swift; sourceTree = "<group>"; };
		8E536A1529F918EF00B37C29 /* SearchList.swift */ = {isa = PBXFileReference; lastKnownFileType = sourcecode.swift; path = SearchList.swift; sourceTree = "<group>"; };
		8E536A1729F9229A00B37C29 /* AddDay.swift */ = {isa = PBXFileReference; lastKnownFileType = sourcecode.swift; path = AddDay.swift; sourceTree = "<group>"; };
		8E536A1E29FA7DC900B37C29 /* ExerciseDetail.swift */ = {isa = PBXFileReference; lastKnownFileType = sourcecode.swift; path = ExerciseDetail.swift; sourceTree = "<group>"; };
		8E536A2029FAC8E500B37C29 /* DayDetail.swift */ = {isa = PBXFileReference; lastKnownFileType = sourcecode.swift; path = DayDetail.swift; sourceTree = "<group>"; };
		8EE2FA7229F318D900D72D7C /* Model.swift */ = {isa = PBXFileReference; lastKnownFileType = sourcecode.swift; path = Model.swift; sourceTree = "<group>"; };
		E314C0DA29F42059002D375E /* GymWiki.swift */ = {isa = PBXFileReference; lastKnownFileType = sourcecode.swift; path = GymWiki.swift; sourceTree = "<group>"; };
		E314C0DD29F42BE9002D375E /* DayBox.swift */ = {isa = PBXFileReference; lastKnownFileType = sourcecode.swift; path = DayBox.swift; sourceTree = "<group>"; };
/* End PBXFileReference section */

/* Begin PBXFrameworksBuildPhase section */
		6952946628EDB7D30017AD2F /* Frameworks */ = {
			isa = PBXFrameworksBuildPhase;
			buildActionMask = 2147483647;
			files = (
			);
			runOnlyForDeploymentPostprocessing = 0;
		};
/* End PBXFrameworksBuildPhase section */

/* Begin PBXGroup section */
		6952946028EDB7D30017AD2F = {
			isa = PBXGroup;
			children = (
				6952946B28EDB7D30017AD2F /* MyFirstProject */,
				6952946A28EDB7D30017AD2F /* Products */,
			);
			sourceTree = "<group>";
		};
		6952946A28EDB7D30017AD2F /* Products */ = {
			isa = PBXGroup;
			children = (
				6952946928EDB7D30017AD2F /* MyFirstProject.app */,
			);
			name = Products;
			sourceTree = "<group>";
		};
		6952946B28EDB7D30017AD2F /* MyFirstProject */ = {
			isa = PBXGroup;
			children = (
				6952946C28EDB7D30017AD2F /* AppMain.swift */,
				E314C0DC29F420C2002D375E /* Views */,
				E314C0D929F41FD2002D375E /* DataHandling */,
				6952947028EDB7D40017AD2F /* Assets.xcassets */,
				6952947228EDB7D40017AD2F /* Preview Content */,
			);
			path = MyFirstProject;
			sourceTree = "<group>";
		};
		6952947228EDB7D40017AD2F /* Preview Content */ = {
			isa = PBXGroup;
			children = (
				6952947328EDB7D40017AD2F /* Preview Assets.xcassets */,
			);
			path = "Preview Content";
			sourceTree = "<group>";
		};
		E314C0D929F41FD2002D375E /* DataHandling */ = {
			isa = PBXGroup;
			children = (
				6952947A28EDB7E60017AD2F /* DataStore.swift */,
				8EE2FA7229F318D900D72D7C /* Model.swift */,
				E314C0DA29F42059002D375E /* GymWiki.swift */,
			);
			path = DataHandling;
			sourceTree = "<group>";
		};
		E314C0DC29F420C2002D375E /* Views */ = {
			isa = PBXGroup;
			children = (
				6952947C28EDB7EF0017AD2F /* MainPage.swift */,
				8E536A2029FAC8E500B37C29 /* DayDetail.swift */,
				8E536A1E29FA7DC900B37C29 /* ExerciseDetail.swift */,
				8E536A1529F918EF00B37C29 /* SearchList.swift */,
				8E536A1729F9229A00B37C29 /* AddDay.swift */,
				E314C0DD29F42BE9002D375E /* DayBox.swift */,
			);
			path = Views;
			sourceTree = "<group>";
		};
/* End PBXGroup section */

/* Begin PBXNativeTarget section */
		6952946828EDB7D30017AD2F /* MyFirstProject */ = {
			isa = PBXNativeTarget;
			buildConfigurationList = 6952947728EDB7D40017AD2F /* Build configuration list for PBXNativeTarget "MyFirstProject" */;
			buildPhases = (
				6952946528EDB7D30017AD2F /* Sources */,
				6952946628EDB7D30017AD2F /* Frameworks */,
				6952946728EDB7D30017AD2F /* Resources */,
			);
			buildRules = (
			);
			dependencies = (
			);
			name = MyFirstProject;
			productName = MyFirstProject;
			productReference = 6952946928EDB7D30017AD2F /* MyFirstProject.app */;
			productType = "com.apple.product-type.application";
		};
/* End PBXNativeTarget section */

/* Begin PBXProject section */
		6952946128EDB7D30017AD2F /* Project object */ = {
			isa = PBXProject;
			attributes = {
				BuildIndependentTargetsInParallel = 1;
				LastSwiftUpdateCheck = 1400;
				LastUpgradeCheck = 1400;
				TargetAttributes = {
					6952946828EDB7D30017AD2F = {
						CreatedOnToolsVersion = 14.0;
					};
				};
			};
			buildConfigurationList = 6952946428EDB7D30017AD2F /* Build configuration list for PBXProject "MyFirstProject" */;
			compatibilityVersion = "Xcode 14.0";
			developmentRegion = en;
			hasScannedForEncodings = 0;
			knownRegions = (
				en,
				Base,
			);
			mainGroup = 6952946028EDB7D30017AD2F;
			productRefGroup = 6952946A28EDB7D30017AD2F /* Products */;
			projectDirPath = "";
			projectRoot = "";
			targets = (
				6952946828EDB7D30017AD2F /* MyFirstProject */,
			);
		};
/* End PBXProject section */

/* Begin PBXResourcesBuildPhase section */
		6952946728EDB7D30017AD2F /* Resources */ = {
			isa = PBXResourcesBuildPhase;
			buildActionMask = 2147483647;
			files = (
				6952947428EDB7D40017AD2F /* Preview Assets.xcassets in Resources */,
				6952947128EDB7D40017AD2F /* Assets.xcassets in Resources */,
			);
			runOnlyForDeploymentPostprocessing = 0;
		};
/* End PBXResourcesBuildPhase section */

/* Begin PBXSourcesBuildPhase section */
		6952946528EDB7D30017AD2F /* Sources */ = {
			isa = PBXSourcesBuildPhase;
			buildActionMask = 2147483647;
			files = (
				E314C0DB29F42059002D375E /* GymWiki.swift in Sources */,
				8E536A2129FAC8E500B37C29 /* DayDetail.swift in Sources */,
				6952947B28EDB7E60017AD2F /* DataStore.swift in Sources */,
				8E536A1829F9229A00B37C29 /* AddDay.swift in Sources */,
				6952946D28EDB7D30017AD2F /* AppMain.swift in Sources */,
				6952947D28EDB7EF0017AD2F /* MainPage.swift in Sources */,
				8E536A1F29FA7DCA00B37C29 /* ExerciseDetail.swift in Sources */,
				8E536A1629F918EF00B37C29 /* SearchList.swift in Sources */,
				E314C0DE29F42BE9002D375E /* DayBox.swift in Sources */,
				8EE2FA7329F318D900D72D7C /* Model.swift in Sources */,
			);
			runOnlyForDeploymentPostprocessing = 0;
		};
/* End PBXSourcesBuildPhase section */

/* Begin XCBuildConfiguration section */
		6952947528EDB7D40017AD2F /* Debug */ = {
			isa = XCBuildConfiguration;
			buildSettings = {
				ALWAYS_SEARCH_USER_PATHS = NO;
				CLANG_ANALYZER_NONNULL = YES;
				CLANG_ANALYZER_NUMBER_OBJECT_CONVERSION = YES_AGGRESSIVE;
				CLANG_CXX_LANGUAGE_STANDARD = "gnu++20";
				CLANG_ENABLE_MODULES = YES;
				CLANG_ENABLE_OBJC_ARC = YES;
				CLANG_ENABLE_OBJC_WEAK = YES;
				CLANG_WARN_BLOCK_CAPTURE_AUTORELEASING = YES;
				CLANG_WARN_BOOL_CONVERSION = YES;
				CLANG_WARN_COMMA = YES;
				CLANG_WARN_CONSTANT_CONVERSION = YES;
				CLANG_WARN_DEPRECATED_OBJC_IMPLEMENTATIONS = YES;
				CLANG_WARN_DIRECT_OBJC_ISA_USAGE = YES_ERROR;
				CLANG_WARN_DOCUMENTATION_COMMENTS = YES;
				CLANG_WARN_EMPTY_BODY = YES;
				CLANG_WARN_ENUM_CONVERSION = YES;
				CLANG_WARN_INFINITE_RECURSION = YES;
				CLANG_WARN_INT_CONVERSION = YES;
				CLANG_WARN_NON_LITERAL_NULL_CONVERSION = YES;
				CLANG_WARN_OBJC_IMPLICIT_RETAIN_SELF = YES;
				CLANG_WARN_OBJC_LITERAL_CONVERSION = YES;
				CLANG_WARN_OBJC_ROOT_CLASS = YES_ERROR;
				CLANG_WARN_QUOTED_INCLUDE_IN_FRAMEWORK_HEADER = YES;
				CLANG_WARN_RANGE_LOOP_ANALYSIS = YES;
				CLANG_WARN_STRICT_PROTOTYPES = YES;
				CLANG_WARN_SUSPICIOUS_MOVE = YES;
				CLANG_WARN_UNGUARDED_AVAILABILITY = YES_AGGRESSIVE;
				CLANG_WARN_UNREACHABLE_CODE = YES;
				CLANG_WARN__DUPLICATE_METHOD_MATCH = YES;
				COPY_PHASE_STRIP = NO;
				DEBUG_INFORMATION_FORMAT = dwarf;
				ENABLE_STRICT_OBJC_MSGSEND = YES;
				ENABLE_TESTABILITY = YES;
				GCC_C_LANGUAGE_STANDARD = gnu11;
				GCC_DYNAMIC_NO_PIC = NO;
				GCC_NO_COMMON_BLOCKS = YES;
				GCC_OPTIMIZATION_LEVEL = 0;
				GCC_PREPROCESSOR_DEFINITIONS = (
					"DEBUG=1",
					"$(inherited)",
				);
				GCC_WARN_64_TO_32_BIT_CONVERSION = YES;
				GCC_WARN_ABOUT_RETURN_TYPE = YES_ERROR;
				GCC_WARN_UNDECLARED_SELECTOR = YES;
				GCC_WARN_UNINITIALIZED_AUTOS = YES_AGGRESSIVE;
				GCC_WARN_UNUSED_FUNCTION = YES;
				GCC_WARN_UNUSED_VARIABLE = YES;
				IPHONEOS_DEPLOYMENT_TARGET = 16.0;
				MTL_ENABLE_DEBUG_INFO = INCLUDE_SOURCE;
				MTL_FAST_MATH = YES;
				ONLY_ACTIVE_ARCH = YES;
				SDKROOT = iphoneos;
				SWIFT_ACTIVE_COMPILATION_CONDITIONS = DEBUG;
				SWIFT_OPTIMIZATION_LEVEL = "-Onone";
			};
			name = Debug;
		};
		6952947628EDB7D40017AD2F /* Release */ = {
			isa = XCBuildConfiguration;
			buildSettings = {
				ALWAYS_SEARCH_USER_PATHS = NO;
				CLANG_ANALYZER_NONNULL = YES;
				CLANG_ANALYZER_NUMBER_OBJECT_CONVERSION = YES_AGGRESSIVE;
				CLANG_CXX_LANGUAGE_STANDARD = "gnu++20";
				CLANG_ENABLE_MODULES = YES;
				CLANG_ENABLE_OBJC_ARC = YES;
				CLANG_ENABLE_OBJC_WEAK = YES;
				CLANG_WARN_BLOCK_CAPTURE_AUTORELEASING = YES;
				CLANG_WARN_BOOL_CONVERSION = YES;
				CLANG_WARN_COMMA = YES;
				CLANG_WARN_CONSTANT_CONVERSION = YES;
				CLANG_WARN_DEPRECATED_OBJC_IMPLEMENTATIONS = YES;
				CLANG_WARN_DIRECT_OBJC_ISA_USAGE = YES_ERROR;
				CLANG_WARN_DOCUMENTATION_COMMENTS = YES;
				CLANG_WARN_EMPTY_BODY = YES;
				CLANG_WARN_ENUM_CONVERSION = YES;
				CLANG_WARN_INFINITE_RECURSION = YES;
				CLANG_WARN_INT_CONVERSION = YES;
				CLANG_WARN_NON_LITERAL_NULL_CONVERSION = YES;
				CLANG_WARN_OBJC_IMPLICIT_RETAIN_SELF = YES;
				CLANG_WARN_OBJC_LITERAL_CONVERSION = YES;
				CLANG_WARN_OBJC_ROOT_CLASS = YES_ERROR;
				CLANG_WARN_QUOTED_INCLUDE_IN_FRAMEWORK_HEADER = YES;
				CLANG_WARN_RANGE_LOOP_ANALYSIS = YES;
				CLANG_WARN_STRICT_PROTOTYPES = YES;
				CLANG_WARN_SUSPICIOUS_MOVE = YES;
				CLANG_WARN_UNGUARDED_AVAILABILITY = YES_AGGRESSIVE;
				CLANG_WARN_UNREACHABLE_CODE = YES;
				CLANG_WARN__DUPLICATE_METHOD_MATCH = YES;
				COPY_PHASE_STRIP = NO;
				DEBUG_INFORMATION_FORMAT = "dwarf-with-dsym";
				ENABLE_NS_ASSERTIONS = NO;
				ENABLE_STRICT_OBJC_MSGSEND = YES;
				GCC_C_LANGUAGE_STANDARD = gnu11;
				GCC_NO_COMMON_BLOCKS = YES;
				GCC_WARN_64_TO_32_BIT_CONVERSION = YES;
				GCC_WARN_ABOUT_RETURN_TYPE = YES_ERROR;
				GCC_WARN_UNDECLARED_SELECTOR = YES;
				GCC_WARN_UNINITIALIZED_AUTOS = YES_AGGRESSIVE;
				GCC_WARN_UNUSED_FUNCTION = YES;
				GCC_WARN_UNUSED_VARIABLE = YES;
				IPHONEOS_DEPLOYMENT_TARGET = 16.0;
				MTL_ENABLE_DEBUG_INFO = NO;
				MTL_FAST_MATH = YES;
				SDKROOT = iphoneos;
				SWIFT_COMPILATION_MODE = wholemodule;
				SWIFT_OPTIMIZATION_LEVEL = "-O";
				VALIDATE_PRODUCT = YES;
			};
			name = Release;
		};
		6952947828EDB7D40017AD2F /* Debug */ = {
			isa = XCBuildConfiguration;
			buildSettings = {
				ASSETCATALOG_COMPILER_APPICON_NAME = AppIcon;
				ASSETCATALOG_COMPILER_GLOBAL_ACCENT_COLOR_NAME = AccentColor;
				CODE_SIGN_STYLE = Automatic;
				CURRENT_PROJECT_VERSION = 1;
				DEVELOPMENT_ASSET_PATHS = "\"MyFirstProject/Preview Content\"";
				ENABLE_PREVIEWS = YES;
				GENERATE_INFOPLIST_FILE = YES;
				INFOPLIST_KEY_CFBundleDisplayName = myGym;
				INFOPLIST_KEY_UIApplicationSceneManifest_Generation = YES;
				INFOPLIST_KEY_UIApplicationSupportsIndirectInputEvents = YES;
				INFOPLIST_KEY_UILaunchScreen_Generation = YES;
				INFOPLIST_KEY_UISupportedInterfaceOrientations = UIInterfaceOrientationPortrait;
				INFOPLIST_KEY_UISupportedInterfaceOrientations_iPad = "UIInterfaceOrientationLandscapeLeft UIInterfaceOrientationLandscapeRight UIInterfaceOrientationPortrait UIInterfaceOrientationPortraitUpsideDown";
				LD_RUNPATH_SEARCH_PATHS = (
					"$(inherited)",
					"@executable_path/Frameworks",
				);
				MARKETING_VERSION = 1.0;
				PRODUCT_BUNDLE_IDENTIFIER = com.foundation.MyFirstProject;
				PRODUCT_NAME = "$(TARGET_NAME)";
				SUPPORTED_PLATFORMS = "iphoneos iphonesimulator";
				SUPPORTS_MACCATALYST = NO;
				SUPPORTS_MAC_DESIGNED_FOR_IPHONE_IPAD = NO;
				SWIFT_EMIT_LOC_STRINGS = YES;
				SWIFT_VERSION = 5.0;
				TARGETED_DEVICE_FAMILY = 1;
			};
			name = Debug;
		};
		6952947928EDB7D40017AD2F /* Release */ = {
			isa = XCBuildConfiguration;
			buildSettings = {
				ASSETCATALOG_COMPILER_APPICON_NAME = AppIcon;
				ASSETCATALOG_COMPILER_GLOBAL_ACCENT_COLOR_NAME = AccentColor;
				CODE_SIGN_STYLE = Automatic;
				CURRENT_PROJECT_VERSION = 1;
				DEVELOPMENT_ASSET_PATHS = "\"MyFirstProject/Preview Content\"";
				ENABLE_PREVIEWS = YES;
				GENERATE_INFOPLIST_FILE = YES;
				INFOPLIST_KEY_CFBundleDisplayName = myGym;
				INFOPLIST_KEY_UIApplicationSceneManifest_Generation = YES;
				INFOPLIST_KEY_UIApplicationSupportsIndirectInputEvents = YES;
				INFOPLIST_KEY_UILaunchScreen_Generation = YES;
				INFOPLIST_KEY_UISupportedInterfaceOrientations = UIInterfaceOrientationPortrait;
				INFOPLIST_KEY_UISupportedInterfaceOrientations_iPad = "UIInterfaceOrientationLandscapeLeft UIInterfaceOrientationLandscapeRight UIInterfaceOrientationPortrait UIInterfaceOrientationPortraitUpsideDown";
				LD_RUNPATH_SEARCH_PATHS = (
					"$(inherited)",
					"@executable_path/Frameworks",
				);
				MARKETING_VERSION = 1.0;
				PRODUCT_BUNDLE_IDENTIFIER = com.foundation.MyFirstProject;
				PRODUCT_NAME = "$(TARGET_NAME)";
				SUPPORTED_PLATFORMS = "iphoneos iphonesimulator";
				SUPPORTS_MACCATALYST = NO;
				SUPPORTS_MAC_DESIGNED_FOR_IPHONE_IPAD = NO;
				SWIFT_EMIT_LOC_STRINGS = YES;
				SWIFT_VERSION = 5.0;
				TARGETED_DEVICE_FAMILY = 1;
			};
			name = Release;
		};
/* End XCBuildConfiguration section */

/* Begin XCConfigurationList section */
		6952946428EDB7D30017AD2F /* Build configuration list for PBXProject "MyFirstProject" */ = {
			isa = XCConfigurationList;
			buildConfigurations = (
				6952947528EDB7D40017AD2F /* Debug */,
				6952947628EDB7D40017AD2F /* Release */,
			);
			defaultConfigurationIsVisible = 0;
			defaultConfigurationName = Release;
		};
		6952947728EDB7D40017AD2F /* Build configuration list for PBXNativeTarget "MyFirstProject" */ = {
			isa = XCConfigurationList;
			buildConfigurations = (
				6952947828EDB7D40017AD2F /* Debug */,
				6952947928EDB7D40017AD2F /* Release */,
			);
			defaultConfigurationIsVisible = 0;
			defaultConfigurationName = Release;
		};
/* End XCConfigurationList section */
	};
	rootObject = 6952946128EDB7D30017AD2F /* Project object */;
}
